
Microsoft Visual Studio Solution File, Format Version 12.00
# Visual Studio 14
VisualStudioVersion = 14.0.24720.0
MinimumVisualStudioVersion = 10.0.40219.1
Project("{218574D1-FF94-4B95-8577-A6D58C11C315}") = "WebLegemDB", "WebLegemDB\WebLegemDB.oradbproj", "{3E5366AE-7A07-4557-BA24-1D6E9D08C0AB}"
EndProject
Project("{E24C65DC-7377-472B-9ABA-BC803B73C61A}") = "WebLegemClient", "WebLegemClient\", "{D4B5A479-B310-4197-A397-B0859571215C}"
	ProjectSection(WebsiteProperties) = preProject
		TargetFrameworkMoniker = ".NETFramework,Version%3Dv4.5.2"
		Debug.AspNetCompiler.VirtualPath = "/localhost_52613"
		Debug.AspNetCompiler.PhysicalPath = "WebLegemClient\"
		Debug.AspNetCompiler.TargetPath = "PrecompiledWeb\localhost_52613\"
		Debug.AspNetCompiler.Updateable = "true"
		Debug.AspNetCompiler.ForceOverwrite = "true"
		Debug.AspNetCompiler.FixedNames = "false"
		Debug.AspNetCompiler.Debug = "True"
		Release.AspNetCompiler.VirtualPath = "/localhost_52613"
		Release.AspNetCompiler.PhysicalPath = "WebLegemClient\"
		Release.AspNetCompiler.TargetPath = "PrecompiledWeb\localhost_52613\"
		Release.AspNetCompiler.Updateable = "true"
		Release.AspNetCompiler.ForceOverwrite = "true"
		Release.AspNetCompiler.FixedNames = "false"
		Release.AspNetCompiler.Debug = "False"
		VWDPort = "52613"
		SlnRelativePath = "WebLegemClient\"
		DefaultWebSiteLanguage = "Visual C#"
	EndProjectSection
EndProject
Project("{FAE04EC0-301F-11D3-BF4B-00C04F79EFBC}") = "WebLegemAPI", "WebLegemAPI\WebLegemAPI.csproj", "{2FF09FF0-D2C5-45B2-B9ED-08DC21713F0D}"
EndProject
Project("{FAE04EC0-301F-11D3-BF4B-00C04F79EFBC}") = "PruebasDB", "PruebasDB\PruebasDB.csproj", "{A792C316-7F9F-4416-95EA-286CD93B8A4E}"
EndProject
Project("{2150E333-8FDC-42A3-9474-1A3956D46DE8}") = "Solution Items", "Solution Items", "{1EE82A49-C4E8-47E2-9308-6E0A484E88F1}"
	ProjectSection(SolutionItems) = preProject
		WE-browsers.xml = WE-browsers.xml
	EndProjectSection
EndProject
Project("{FAE04EC0-301F-11D3-BF4B-00C04F79EFBC}") = "WebLegemDAL", "WebLegemDAL\WebLegemDAL.csproj", "{FE6E7495-A6A0-46E3-A072-3B9DBF33B5AE}"
EndProject
Global
	GlobalSection(SolutionConfigurationPlatforms) = preSolution
		Debug|Any CPU = Debug|Any CPU
		Release|Any CPU = Release|Any CPU
	EndGlobalSection
	GlobalSection(ProjectConfigurationPlatforms) = postSolution
		{D4B5A479-B310-4197-A397-B0859571215C}.Debug|Any CPU.ActiveCfg = Debug|Any CPU
		{D4B5A479-B310-4197-A397-B0859571215C}.Release|Any CPU.ActiveCfg = Debug|Any CPU
		{D4B5A479-B310-4197-A397-B0859571215C}.Release|Any CPU.Build.0 = Debug|Any CPU
		{2FF09FF0-D2C5-45B2-B9ED-08DC21713F0D}.Debug|Any CPU.ActiveCfg = Debug|Any CPU
		{2FF09FF0-D2C5-45B2-B9ED-08DC21713F0D}.Debug|Any CPU.Build.0 = Debug|Any CPU
		{2FF09FF0-D2C5-45B2-B9ED-08DC21713F0D}.Release|Any CPU.ActiveCfg = Release|Any CPU
		{2FF09FF0-D2C5-45B2-B9ED-08DC21713F0D}.Release|Any CPU.Build.0 = Release|Any CPU
		{A792C316-7F9F-4416-95EA-286CD93B8A4E}.Debug|Any CPU.ActiveCfg = Debug|Any CPU
		{A792C316-7F9F-4416-95EA-286CD93B8A4E}.Debug|Any CPU.Build.0 = Debug|Any CPU
		{A792C316-7F9F-4416-95EA-286CD93B8A4E}.Debug|Any CPU.Deploy.0 = Debug|Any CPU
		{A792C316-7F9F-4416-95EA-286CD93B8A4E}.Release|Any CPU.ActiveCfg = Release|Any CPU
		{A792C316-7F9F-4416-95EA-286CD93B8A4E}.Release|Any CPU.Build.0 = Release|Any CPU
		{FE6E7495-A6A0-46E3-A072-3B9DBF33B5AE}.Debug|Any CPU.ActiveCfg = Debug|Any CPU
		{FE6E7495-A6A0-46E3-A072-3B9DBF33B5AE}.Debug|Any CPU.Build.0 = Debug|Any CPU
		{FE6E7495-A6A0-46E3-A072-3B9DBF33B5AE}.Debug|Any CPU.Deploy.0 = Debug|Any CPU
		{FE6E7495-A6A0-46E3-A072-3B9DBF33B5AE}.Release|Any CPU.ActiveCfg = Release|Any CPU
		{FE6E7495-A6A0-46E3-A072-3B9DBF33B5AE}.Release|Any CPU.Build.0 = Release|Any CPU
	EndGlobalSection
	GlobalSection(SolutionProperties) = preSolution
		HideSolutionNode = FALSE
	EndGlobalSection
EndGlobal
