
Microsoft Visual Studio Solution File, Format Version 12.00
# Visual Studio 14
VisualStudioVersion = 14.0.23107.0
MinimumVisualStudioVersion = 10.0.40219.1
Project("{218574D1-FF94-4B95-8577-A6D58C11C315}") = "WebLegemDB", "WebLegemDB\WebLegemDB.oradbproj", "{3E5366AE-7A07-4557-BA24-1D6E9D08C0AB}"
EndProject
Project("{E24C65DC-7377-472B-9ABA-BC803B73C61A}") = "WebLegemClient", "WebLegemClient\", "{D4B5A479-B310-4197-A397-B0859571215C}"
	ProjectSection(WebsiteProperties) = preProject
		TargetFrameworkMoniker = ".NETFramework,Version%3Dv4.5.2"
		Debug.AspNetCompiler.VirtualPath = "/localhost_52613"
		Debug.AspNetCompiler.PhysicalPath = "WebLegemClient\"
		Debug.AspNetCompiler.TargetPath = "PrecompiledWeb\localhost_52613\"
		Debug.AspNetCompiler.Updateable = "true"
		Debug.AspNetCompiler.ForceOverwrite = "true"
		Debug.AspNetCompiler.FixedNames = "false"
		Debug.AspNetCompiler.Debug = "True"
		Release.AspNetCompiler.VirtualPath = "/localhost_52613"
		Release.AspNetCompiler.PhysicalPath = "WebLegemClient\"
		Release.AspNetCompiler.TargetPath = "PrecompiledWeb\localhost_52613\"
		Release.AspNetCompiler.Updateable = "true"
		Release.AspNetCompiler.ForceOverwrite = "true"
		Release.AspNetCompiler.FixedNames = "false"
		Release.AspNetCompiler.Debug = "False"
		VWDPort = "52613"
		SlnRelativePath = "WebLegemClient\"
		DefaultWebSiteLanguage = "Visual C#"
	EndProjectSection
EndProject
Project("{FAE04EC0-301F-11D3-BF4B-00C04F79EFBC}") = "PruebaOracleUDT", "PruebaOracleUDT\PruebaOracleUDT.csproj", "{73BC2DCA-84C5-4331-8343-D74E603662E4}"
EndProject
Project("{FAE04EC0-301F-11D3-BF4B-00C04F79EFBC}") = "WebLegemAPI", "WebLegemAPI\WebLegemAPI.csproj", "{2FF09FF0-D2C5-45B2-B9ED-08DC21713F0D}"
EndProject
Global
	GlobalSection(SolutionConfigurationPlatforms) = preSolution
		Debug|Any CPU = Debug|Any CPU
		Release|Any CPU = Release|Any CPU
	EndGlobalSection
	GlobalSection(ProjectConfigurationPlatforms) = postSolution
		{D4B5A479-B310-4197-A397-B0859571215C}.Debug|Any CPU.ActiveCfg = Debug|Any CPU
		{D4B5A479-B310-4197-A397-B0859571215C}.Debug|Any CPU.Build.0 = Debug|Any CPU
		{D4B5A479-B310-4197-A397-B0859571215C}.Release|Any CPU.ActiveCfg = Debug|Any CPU
		{D4B5A479-B310-4197-A397-B0859571215C}.Release|Any CPU.Build.0 = Debug|Any CPU
		{73BC2DCA-84C5-4331-8343-D74E603662E4}.Debug|Any CPU.ActiveCfg = Debug|Any CPU
		{73BC2DCA-84C5-4331-8343-D74E603662E4}.Debug|Any CPU.Build.0 = Debug|Any CPU
		{73BC2DCA-84C5-4331-8343-D74E603662E4}.Release|Any CPU.ActiveCfg = Release|Any CPU
		{73BC2DCA-84C5-4331-8343-D74E603662E4}.Release|Any CPU.Build.0 = Release|Any CPU
		{2FF09FF0-D2C5-45B2-B9ED-08DC21713F0D}.Debug|Any CPU.ActiveCfg = Debug|Any CPU
		{2FF09FF0-D2C5-45B2-B9ED-08DC21713F0D}.Debug|Any CPU.Build.0 = Debug|Any CPU
		{2FF09FF0-D2C5-45B2-B9ED-08DC21713F0D}.Release|Any CPU.ActiveCfg = Release|Any CPU
		{2FF09FF0-D2C5-45B2-B9ED-08DC21713F0D}.Release|Any CPU.Build.0 = Release|Any CPU
	EndGlobalSection
	GlobalSection(SolutionProperties) = preSolution
		HideSolutionNode = FALSE
	EndGlobalSection
EndGlobal
